// !$*UTF8*$!
{
	archiveVersion = 1;
	classes = {
	};
	objectVersion = 56;
	objects = {

/* Begin PBXBuildFile section */
		BF0A4496295DDE7A008E71B4 /* Questions.swift in Sources */ = {isa = PBXBuildFile; fileRef = BF0A4495295DDE7A008E71B4 /* Questions.swift */; };
		BF9E509F2950EE62000887A8 /* QuizGameApp.swift in Sources */ = {isa = PBXBuildFile; fileRef = BF9E509E2950EE62000887A8 /* QuizGameApp.swift */; };
		BF9E50A12950EE62000887A8 /* ContentView.swift in Sources */ = {isa = PBXBuildFile; fileRef = BF9E50A02950EE62000887A8 /* ContentView.swift */; };
		BF9E50A32950EE66000887A8 /* Assets.xcassets in Resources */ = {isa = PBXBuildFile; fileRef = BF9E50A22950EE66000887A8 /* Assets.xcassets */; };
		BF9E50A62950EE66000887A8 /* Preview Assets.xcassets in Resources */ = {isa = PBXBuildFile; fileRef = BF9E50A52950EE66000887A8 /* Preview Assets.xcassets */; };
		BF9E50B02950EE66000887A8 /* QuizGameTests.swift in Sources */ = {isa = PBXBuildFile; fileRef = BF9E50AF2950EE66000887A8 /* QuizGameTests.swift */; };
		BF9E50BA2950EE66000887A8 /* QuizGameUITests.swift in Sources */ = {isa = PBXBuildFile; fileRef = BF9E50B92950EE66000887A8 /* QuizGameUITests.swift */; };
		BF9E50BC2950EE66000887A8 /* QuizGameUITestsLaunchTests.swift in Sources */ = {isa = PBXBuildFile; fileRef = BF9E50BB2950EE66000887A8 /* QuizGameUITestsLaunchTests.swift */; };
		BFAD5B79295DECA8008F03E9 /* FirebaseAppCheck in Frameworks */ = {isa = PBXBuildFile; productRef = BFAD5B78295DECA8008F03E9 /* FirebaseAppCheck */; };
		BFAD5B7B295DECA8008F03E9 /* FirebaseAuth in Frameworks */ = {isa = PBXBuildFile; productRef = BFAD5B7A295DECA8008F03E9 /* FirebaseAuth */; };
		BFAD5B7D295DECA8008F03E9 /* FirebaseDatabase in Frameworks */ = {isa = PBXBuildFile; productRef = BFAD5B7C295DECA8008F03E9 /* FirebaseDatabase */; };
		BFAD5B7F295DECA8008F03E9 /* FirebaseDatabaseSwift in Frameworks */ = {isa = PBXBuildFile; productRef = BFAD5B7E295DECA8008F03E9 /* FirebaseDatabaseSwift */; };
		BFAD5B81295DECA8008F03E9 /* FirebaseFirestore in Frameworks */ = {isa = PBXBuildFile; productRef = BFAD5B80295DECA8008F03E9 /* FirebaseFirestore */; };
		BFAD5B83295DECA8008F03E9 /* FirebaseFirestoreCombine-Community in Frameworks */ = {isa = PBXBuildFile; productRef = BFAD5B82295DECA8008F03E9 /* FirebaseFirestoreCombine-Community */; };
		BFAD5B85295DECA8008F03E9 /* FirebaseFirestoreSwift in Frameworks */ = {isa = PBXBuildFile; productRef = BFAD5B84295DECA8008F03E9 /* FirebaseFirestoreSwift */; };
		BFAD5B87295DECA8008F03E9 /* FirebaseFunctions in Frameworks */ = {isa = PBXBuildFile; productRef = BFAD5B86295DECA8008F03E9 /* FirebaseFunctions */; };
		BFAD5B89295DECA8008F03E9 /* FirebaseInstallations in Frameworks */ = {isa = PBXBuildFile; productRef = BFAD5B88295DECA8008F03E9 /* FirebaseInstallations */; };
		BFAD5B8B295DECA8008F03E9 /* FirebaseMessaging in Frameworks */ = {isa = PBXBuildFile; productRef = BFAD5B8A295DECA8008F03E9 /* FirebaseMessaging */; };
		BFAD5B8D295DECA8008F03E9 /* FirebasePerformance in Frameworks */ = {isa = PBXBuildFile; productRef = BFAD5B8C295DECA8008F03E9 /* FirebasePerformance */; };
		BFAD5B8F295DECA8008F03E9 /* FirebaseRemoteConfig in Frameworks */ = {isa = PBXBuildFile; productRef = BFAD5B8E295DECA8008F03E9 /* FirebaseRemoteConfig */; };
		BFAD5B91295DECA8008F03E9 /* FirebaseRemoteConfigSwift in Frameworks */ = {isa = PBXBuildFile; productRef = BFAD5B90295DECA8008F03E9 /* FirebaseRemoteConfigSwift */; };
		BFAD5B93295DECA8008F03E9 /* FirebaseStorage in Frameworks */ = {isa = PBXBuildFile; productRef = BFAD5B92295DECA8008F03E9 /* FirebaseStorage */; };
		BFAD5B95295DECA8008F03E9 /* FirebaseStorageCombine-Community in Frameworks */ = {isa = PBXBuildFile; productRef = BFAD5B94295DECA8008F03E9 /* FirebaseStorageCombine-Community */; };
/* End PBXBuildFile section */

/* Begin PBXContainerItemProxy section */
		BF9E50AC2950EE66000887A8 /* PBXContainerItemProxy */ = {
			isa = PBXContainerItemProxy;
			containerPortal = BF9E50932950EE62000887A8 /* Project object */;
			proxyType = 1;
			remoteGlobalIDString = BF9E509A2950EE62000887A8;
			remoteInfo = QuizGame;
		};
		BF9E50B62950EE66000887A8 /* PBXContainerItemProxy */ = {
			isa = PBXContainerItemProxy;
			containerPortal = BF9E50932950EE62000887A8 /* Project object */;
			proxyType = 1;
			remoteGlobalIDString = BF9E509A2950EE62000887A8;
			remoteInfo = QuizGame;
		};
/* End PBXContainerItemProxy section */

/* Begin PBXFileReference section */
		BF0A4495295DDE7A008E71B4 /* Questions.swift */ = {isa = PBXFileReference; lastKnownFileType = sourcecode.swift; path = Questions.swift; sourceTree = "<group>"; };
		BF9E509B2950EE62000887A8 /* QuizGame.app */ = {isa = PBXFileReference; explicitFileType = wrapper.application; includeInIndex = 0; path = QuizGame.app; sourceTree = BUILT_PRODUCTS_DIR; };
		BF9E509E2950EE62000887A8 /* QuizGameApp.swift */ = {isa = PBXFileReference; lastKnownFileType = sourcecode.swift; path = QuizGameApp.swift; sourceTree = "<group>"; };
		BF9E50A02950EE62000887A8 /* ContentView.swift */ = {isa = PBXFileReference; lastKnownFileType = sourcecode.swift; path = ContentView.swift; sourceTree = "<group>"; };
		BF9E50A22950EE66000887A8 /* Assets.xcassets */ = {isa = PBXFileReference; lastKnownFileType = folder.assetcatalog; path = Assets.xcassets; sourceTree = "<group>"; };
		BF9E50A52950EE66000887A8 /* Preview Assets.xcassets */ = {isa = PBXFileReference; lastKnownFileType = folder.assetcatalog; path = "Preview Assets.xcassets"; sourceTree = "<group>"; };
		BF9E50AB2950EE66000887A8 /* QuizGameTests.xctest */ = {isa = PBXFileReference; explicitFileType = wrapper.cfbundle; includeInIndex = 0; path = QuizGameTests.xctest; sourceTree = BUILT_PRODUCTS_DIR; };
		BF9E50AF2950EE66000887A8 /* QuizGameTests.swift */ = {isa = PBXFileReference; lastKnownFileType = sourcecode.swift; path = QuizGameTests.swift; sourceTree = "<group>"; };
		BF9E50B52950EE66000887A8 /* QuizGameUITests.xctest */ = {isa = PBXFileReference; explicitFileType = wrapper.cfbundle; includeInIndex = 0; path = QuizGameUITests.xctest; sourceTree = BUILT_PRODUCTS_DIR; };
		BF9E50B92950EE66000887A8 /* QuizGameUITests.swift */ = {isa = PBXFileReference; lastKnownFileType = sourcecode.swift; path = QuizGameUITests.swift; sourceTree = "<group>"; };
		BF9E50BB2950EE66000887A8 /* QuizGameUITestsLaunchTests.swift */ = {isa = PBXFileReference; lastKnownFileType = sourcecode.swift; path = QuizGameUITestsLaunchTests.swift; sourceTree = "<group>"; };
/* End PBXFileReference section */

/* Begin PBXFrameworksBuildPhase section */
		BF9E50982950EE62000887A8 /* Frameworks */ = {
			isa = PBXFrameworksBuildPhase;
			buildActionMask = 2147483647;
			files = (
				BFAD5B8D295DECA8008F03E9 /* FirebasePerformance in Frameworks */,
				BFAD5B7F295DECA8008F03E9 /* FirebaseDatabaseSwift in Frameworks */,
				BFAD5B7D295DECA8008F03E9 /* FirebaseDatabase in Frameworks */,
				BFAD5B8F295DECA8008F03E9 /* FirebaseRemoteConfig in Frameworks */,
				BFAD5B8B295DECA8008F03E9 /* FirebaseMessaging in Frameworks */,
				BFAD5B79295DECA8008F03E9 /* FirebaseAppCheck in Frameworks */,
				BFAD5B89295DECA8008F03E9 /* FirebaseInstallations in Frameworks */,
				BFAD5B95295DECA8008F03E9 /* FirebaseStorageCombine-Community in Frameworks */,
				BFAD5B87295DECA8008F03E9 /* FirebaseFunctions in Frameworks */,
				BFAD5B85295DECA8008F03E9 /* FirebaseFirestoreSwift in Frameworks */,
				BFAD5B83295DECA8008F03E9 /* FirebaseFirestoreCombine-Community in Frameworks */,
				BFAD5B81295DECA8008F03E9 /* FirebaseFirestore in Frameworks */,
				BFAD5B93295DECA8008F03E9 /* FirebaseStorage in Frameworks */,
				BFAD5B7B295DECA8008F03E9 /* FirebaseAuth in Frameworks */,
				BFAD5B91295DECA8008F03E9 /* FirebaseRemoteConfigSwift in Frameworks */,
			);
			runOnlyForDeploymentPostprocessing = 0;
		};
		BF9E50A82950EE66000887A8 /* Frameworks */ = {
			isa = PBXFrameworksBuildPhase;
			buildActionMask = 2147483647;
			files = (
			);
			runOnlyForDeploymentPostprocessing = 0;
		};
		BF9E50B22950EE66000887A8 /* Frameworks */ = {
			isa = PBXFrameworksBuildPhase;
			buildActionMask = 2147483647;
			files = (
			);
			runOnlyForDeploymentPostprocessing = 0;
		};
/* End PBXFrameworksBuildPhase section */

/* Begin PBXGroup section */
		BF9E50922950EE62000887A8 = {
			isa = PBXGroup;
			children = (
				BF9E509D2950EE62000887A8 /* QuizGame */,
				BF9E50AE2950EE66000887A8 /* QuizGameTests */,
				BF9E50B82950EE66000887A8 /* QuizGameUITests */,
				BF9E509C2950EE62000887A8 /* Products */,
			);
			sourceTree = "<group>";
		};
		BF9E509C2950EE62000887A8 /* Products */ = {
			isa = PBXGroup;
			children = (
				BF9E509B2950EE62000887A8 /* QuizGame.app */,
				BF9E50AB2950EE66000887A8 /* QuizGameTests.xctest */,
				BF9E50B52950EE66000887A8 /* QuizGameUITests.xctest */,
			);
			name = Products;
			sourceTree = "<group>";
		};
		BF9E509D2950EE62000887A8 /* QuizGame */ = {
			isa = PBXGroup;
			children = (
				BF9E509E2950EE62000887A8 /* QuizGameApp.swift */,
				BF9E50A02950EE62000887A8 /* ContentView.swift */,
				BF9E50A22950EE66000887A8 /* Assets.xcassets */,
				BF9E50A42950EE66000887A8 /* Preview Content */,
				BF0A4495295DDE7A008E71B4 /* Questions.swift */,
			);
			path = QuizGame;
			sourceTree = "<group>";
		};
		BF9E50A42950EE66000887A8 /* Preview Content */ = {
			isa = PBXGroup;
			children = (
				BF9E50A52950EE66000887A8 /* Preview Assets.xcassets */,
			);
			path = "Preview Content";
			sourceTree = "<group>";
		};
		BF9E50AE2950EE66000887A8 /* QuizGameTests */ = {
			isa = PBXGroup;
			children = (
				BF9E50AF2950EE66000887A8 /* QuizGameTests.swift */,
			);
			path = QuizGameTests;
			sourceTree = "<group>";
		};
		BF9E50B82950EE66000887A8 /* QuizGameUITests */ = {
			isa = PBXGroup;
			children = (
				BF9E50B92950EE66000887A8 /* QuizGameUITests.swift */,
				BF9E50BB2950EE66000887A8 /* QuizGameUITestsLaunchTests.swift */,
			);
			path = QuizGameUITests;
			sourceTree = "<group>";
		};
/* End PBXGroup section */

/* Begin PBXNativeTarget section */
		BF9E509A2950EE62000887A8 /* QuizGame */ = {
			isa = PBXNativeTarget;
			buildConfigurationList = BF9E50BF2950EE66000887A8 /* Build configuration list for PBXNativeTarget "QuizGame" */;
			buildPhases = (
				BF9E50972950EE62000887A8 /* Sources */,
				BF9E50982950EE62000887A8 /* Frameworks */,
				BF9E50992950EE62000887A8 /* Resources */,
			);
			buildRules = (
			);
			dependencies = (
			);
			name = QuizGame;
			packageProductDependencies = (
				BFAD5B78295DECA8008F03E9 /* FirebaseAppCheck */,
				BFAD5B7A295DECA8008F03E9 /* FirebaseAuth */,
				BFAD5B7C295DECA8008F03E9 /* FirebaseDatabase */,
				BFAD5B7E295DECA8008F03E9 /* FirebaseDatabaseSwift */,
				BFAD5B80295DECA8008F03E9 /* FirebaseFirestore */,
				BFAD5B82295DECA8008F03E9 /* FirebaseFirestoreCombine-Community */,
				BFAD5B84295DECA8008F03E9 /* FirebaseFirestoreSwift */,
				BFAD5B86295DECA8008F03E9 /* FirebaseFunctions */,
				BFAD5B88295DECA8008F03E9 /* FirebaseInstallations */,
				BFAD5B8A295DECA8008F03E9 /* FirebaseMessaging */,
				BFAD5B8C295DECA8008F03E9 /* FirebasePerformance */,
				BFAD5B8E295DECA8008F03E9 /* FirebaseRemoteConfig */,
				BFAD5B90295DECA8008F03E9 /* FirebaseRemoteConfigSwift */,
				BFAD5B92295DECA8008F03E9 /* FirebaseStorage */,
				BFAD5B94295DECA8008F03E9 /* FirebaseStorageCombine-Community */,
			);
			productName = QuizGame;
			productReference = BF9E509B2950EE62000887A8 /* QuizGame.app */;
			productType = "com.apple.product-type.application";
		};
		BF9E50AA2950EE66000887A8 /* QuizGameTests */ = {
			isa = PBXNativeTarget;
			buildConfigurationList = BF9E50C22950EE66000887A8 /* Build configuration list for PBXNativeTarget "QuizGameTests" */;
			buildPhases = (
				BF9E50A72950EE66000887A8 /* Sources */,
				BF9E50A82950EE66000887A8 /* Frameworks */,
				BF9E50A92950EE66000887A8 /* Resources */,
			);
			buildRules = (
			);
			dependencies = (
				BF9E50AD2950EE66000887A8 /* PBXTargetDependency */,
			);
			name = QuizGameTests;
			productName = QuizGameTests;
			productReference = BF9E50AB2950EE66000887A8 /* QuizGameTests.xctest */;
			productType = "com.apple.product-type.bundle.unit-test";
		};
		BF9E50B42950EE66000887A8 /* QuizGameUITests */ = {
			isa = PBXNativeTarget;
			buildConfigurationList = BF9E50C52950EE66000887A8 /* Build configuration list for PBXNativeTarget "QuizGameUITests" */;
			buildPhases = (
				BF9E50B12950EE66000887A8 /* Sources */,
				BF9E50B22950EE66000887A8 /* Frameworks */,
				BF9E50B32950EE66000887A8 /* Resources */,
			);
			buildRules = (
			);
			dependencies = (
				BF9E50B72950EE66000887A8 /* PBXTargetDependency */,
			);
			name = QuizGameUITests;
			productName = QuizGameUITests;
			productReference = BF9E50B52950EE66000887A8 /* QuizGameUITests.xctest */;
			productType = "com.apple.product-type.bundle.ui-testing";
		};
/* End PBXNativeTarget section */

/* Begin PBXProject section */
		BF9E50932950EE62000887A8 /* Project object */ = {
			isa = PBXProject;
			attributes = {
				BuildIndependentTargetsInParallel = 1;
				LastSwiftUpdateCheck = 1420;
				LastUpgradeCheck = 1420;
				TargetAttributes = {
					BF9E509A2950EE62000887A8 = {
						CreatedOnToolsVersion = 14.2;
					};
					BF9E50AA2950EE66000887A8 = {
						CreatedOnToolsVersion = 14.2;
						TestTargetID = BF9E509A2950EE62000887A8;
					};
					BF9E50B42950EE66000887A8 = {
						CreatedOnToolsVersion = 14.2;
						TestTargetID = BF9E509A2950EE62000887A8;
					};
				};
			};
			buildConfigurationList = BF9E50962950EE62000887A8 /* Build configuration list for PBXProject "QuizGame" */;
			compatibilityVersion = "Xcode 14.0";
			developmentRegion = en;
			hasScannedForEncodings = 0;
			knownRegions = (
				en,
				Base,
			);
			mainGroup = BF9E50922950EE62000887A8;
			packageReferences = (
				BFAD5B77295DECA8008F03E9 /* XCRemoteSwiftPackageReference "firebase-ios-sdk" */,
			);
			productRefGroup = BF9E509C2950EE62000887A8 /* Products */;
			projectDirPath = "";
			projectRoot = "";
			targets = (
				BF9E509A2950EE62000887A8 /* QuizGame */,
				BF9E50AA2950EE66000887A8 /* QuizGameTests */,
				BF9E50B42950EE66000887A8 /* QuizGameUITests */,
			);
		};
/* End PBXProject section */

/* Begin PBXResourcesBuildPhase section */
		BF9E50992950EE62000887A8 /* Resources */ = {
			isa = PBXResourcesBuildPhase;
			buildActionMask = 2147483647;
			files = (
				BF9E50A62950EE66000887A8 /* Preview Assets.xcassets in Resources */,
				BF9E50A32950EE66000887A8 /* Assets.xcassets in Resources */,
			);
			runOnlyForDeploymentPostprocessing = 0;
		};
		BF9E50A92950EE66000887A8 /* Resources */ = {
			isa = PBXResourcesBuildPhase;
			buildActionMask = 2147483647;
			files = (
			);
			runOnlyForDeploymentPostprocessing = 0;
		};
		BF9E50B32950EE66000887A8 /* Resources */ = {
			isa = PBXResourcesBuildPhase;
			buildActionMask = 2147483647;
			files = (
			);
			runOnlyForDeploymentPostprocessing = 0;
		};
/* End PBXResourcesBuildPhase section */

/* Begin PBXSourcesBuildPhase section */
		BF9E50972950EE62000887A8 /* Sources */ = {
			isa = PBXSourcesBuildPhase;
			buildActionMask = 2147483647;
			files = (
				BF0A4496295DDE7A008E71B4 /* Questions.swift in Sources */,
				BF9E50A12950EE62000887A8 /* ContentView.swift in Sources */,
				BF9E509F2950EE62000887A8 /* QuizGameApp.swift in Sources */,
			);
			runOnlyForDeploymentPostprocessing = 0;
		};
		BF9E50A72950EE66000887A8 /* Sources */ = {
			isa = PBXSourcesBuildPhase;
			buildActionMask = 2147483647;
			files = (
				BF9E50B02950EE66000887A8 /* QuizGameTests.swift in Sources */,
			);
			runOnlyForDeploymentPostprocessing = 0;
		};
		BF9E50B12950EE66000887A8 /* Sources */ = {
			isa = PBXSourcesBuildPhase;
			buildActionMask = 2147483647;
			files = (
				BF9E50BC2950EE66000887A8 /* QuizGameUITestsLaunchTests.swift in Sources */,
				BF9E50BA2950EE66000887A8 /* QuizGameUITests.swift in Sources */,
			);
			runOnlyForDeploymentPostprocessing = 0;
		};
/* End PBXSourcesBuildPhase section */

/* Begin PBXTargetDependency section */
		BF9E50AD2950EE66000887A8 /* PBXTargetDependency */ = {
			isa = PBXTargetDependency;
			target = BF9E509A2950EE62000887A8 /* QuizGame */;
			targetProxy = BF9E50AC2950EE66000887A8 /* PBXContainerItemProxy */;
		};
		BF9E50B72950EE66000887A8 /* PBXTargetDependency */ = {
			isa = PBXTargetDependency;
			target = BF9E509A2950EE62000887A8 /* QuizGame */;
			targetProxy = BF9E50B62950EE66000887A8 /* PBXContainerItemProxy */;
		};
/* End PBXTargetDependency section */

/* Begin XCBuildConfiguration section */
		BF9E50BD2950EE66000887A8 /* Debug */ = {
			isa = XCBuildConfiguration;
			buildSettings = {
				ALWAYS_SEARCH_USER_PATHS = NO;
				CLANG_ANALYZER_NONNULL = YES;
				CLANG_ANALYZER_NUMBER_OBJECT_CONVERSION = YES_AGGRESSIVE;
				CLANG_CXX_LANGUAGE_STANDARD = "gnu++20";
				CLANG_ENABLE_MODULES = YES;
				CLANG_ENABLE_OBJC_ARC = YES;
				CLANG_ENABLE_OBJC_WEAK = YES;
				CLANG_WARN_BLOCK_CAPTURE_AUTORELEASING = YES;
				CLANG_WARN_BOOL_CONVERSION = YES;
				CLANG_WARN_COMMA = YES;
				CLANG_WARN_CONSTANT_CONVERSION = YES;
				CLANG_WARN_DEPRECATED_OBJC_IMPLEMENTATIONS = YES;
				CLANG_WARN_DIRECT_OBJC_ISA_USAGE = YES_ERROR;
				CLANG_WARN_DOCUMENTATION_COMMENTS = YES;
				CLANG_WARN_EMPTY_BODY = YES;
				CLANG_WARN_ENUM_CONVERSION = YES;
				CLANG_WARN_INFINITE_RECURSION = YES;
				CLANG_WARN_INT_CONVERSION = YES;
				CLANG_WARN_NON_LITERAL_NULL_CONVERSION = YES;
				CLANG_WARN_OBJC_IMPLICIT_RETAIN_SELF = YES;
				CLANG_WARN_OBJC_LITERAL_CONVERSION = YES;
				CLANG_WARN_OBJC_ROOT_CLASS = YES_ERROR;
				CLANG_WARN_QUOTED_INCLUDE_IN_FRAMEWORK_HEADER = YES;
				CLANG_WARN_RANGE_LOOP_ANALYSIS = YES;
				CLANG_WARN_STRICT_PROTOTYPES = YES;
				CLANG_WARN_SUSPICIOUS_MOVE = YES;
				CLANG_WARN_UNGUARDED_AVAILABILITY = YES_AGGRESSIVE;
				CLANG_WARN_UNREACHABLE_CODE = YES;
				CLANG_WARN__DUPLICATE_METHOD_MATCH = YES;
				COPY_PHASE_STRIP = NO;
				DEBUG_INFORMATION_FORMAT = dwarf;
				ENABLE_STRICT_OBJC_MSGSEND = YES;
				ENABLE_TESTABILITY = YES;
				GCC_C_LANGUAGE_STANDARD = gnu11;
				GCC_DYNAMIC_NO_PIC = NO;
				GCC_NO_COMMON_BLOCKS = YES;
				GCC_OPTIMIZATION_LEVEL = 0;
				GCC_PREPROCESSOR_DEFINITIONS = (
					"DEBUG=1",
					"$(inherited)",
				);
				GCC_WARN_64_TO_32_BIT_CONVERSION = YES;
				GCC_WARN_ABOUT_RETURN_TYPE = YES_ERROR;
				GCC_WARN_UNDECLARED_SELECTOR = YES;
				GCC_WARN_UNINITIALIZED_AUTOS = YES_AGGRESSIVE;
				GCC_WARN_UNUSED_FUNCTION = YES;
				GCC_WARN_UNUSED_VARIABLE = YES;
				IPHONEOS_DEPLOYMENT_TARGET = 16.2;
				MTL_ENABLE_DEBUG_INFO = INCLUDE_SOURCE;
				MTL_FAST_MATH = YES;
				ONLY_ACTIVE_ARCH = YES;
				SDKROOT = iphoneos;
				SWIFT_ACTIVE_COMPILATION_CONDITIONS = DEBUG;
				SWIFT_OPTIMIZATION_LEVEL = "-Onone";
			};
			name = Debug;
		};
		BF9E50BE2950EE66000887A8 /* Release */ = {
			isa = XCBuildConfiguration;
			buildSettings = {
				ALWAYS_SEARCH_USER_PATHS = NO;
				CLANG_ANALYZER_NONNULL = YES;
				CLANG_ANALYZER_NUMBER_OBJECT_CONVERSION = YES_AGGRESSIVE;
				CLANG_CXX_LANGUAGE_STANDARD = "gnu++20";
				CLANG_ENABLE_MODULES = YES;
				CLANG_ENABLE_OBJC_ARC = YES;
				CLANG_ENABLE_OBJC_WEAK = YES;
				CLANG_WARN_BLOCK_CAPTURE_AUTORELEASING = YES;
				CLANG_WARN_BOOL_CONVERSION = YES;
				CLANG_WARN_COMMA = YES;
				CLANG_WARN_CONSTANT_CONVERSION = YES;
				CLANG_WARN_DEPRECATED_OBJC_IMPLEMENTATIONS = YES;
				CLANG_WARN_DIRECT_OBJC_ISA_USAGE = YES_ERROR;
				CLANG_WARN_DOCUMENTATION_COMMENTS = YES;
				CLANG_WARN_EMPTY_BODY = YES;
				CLANG_WARN_ENUM_CONVERSION = YES;
				CLANG_WARN_INFINITE_RECURSION = YES;
				CLANG_WARN_INT_CONVERSION = YES;
				CLANG_WARN_NON_LITERAL_NULL_CONVERSION = YES;
				CLANG_WARN_OBJC_IMPLICIT_RETAIN_SELF = YES;
				CLANG_WARN_OBJC_LITERAL_CONVERSION = YES;
				CLANG_WARN_OBJC_ROOT_CLASS = YES_ERROR;
				CLANG_WARN_QUOTED_INCLUDE_IN_FRAMEWORK_HEADER = YES;
				CLANG_WARN_RANGE_LOOP_ANALYSIS = YES;
				CLANG_WARN_STRICT_PROTOTYPES = YES;
				CLANG_WARN_SUSPICIOUS_MOVE = YES;
				CLANG_WARN_UNGUARDED_AVAILABILITY = YES_AGGRESSIVE;
				CLANG_WARN_UNREACHABLE_CODE = YES;
				CLANG_WARN__DUPLICATE_METHOD_MATCH = YES;
				COPY_PHASE_STRIP = NO;
				DEBUG_INFORMATION_FORMAT = "dwarf-with-dsym";
				ENABLE_NS_ASSERTIONS = NO;
				ENABLE_STRICT_OBJC_MSGSEND = YES;
				GCC_C_LANGUAGE_STANDARD = gnu11;
				GCC_NO_COMMON_BLOCKS = YES;
				GCC_WARN_64_TO_32_BIT_CONVERSION = YES;
				GCC_WARN_ABOUT_RETURN_TYPE = YES_ERROR;
				GCC_WARN_UNDECLARED_SELECTOR = YES;
				GCC_WARN_UNINITIALIZED_AUTOS = YES_AGGRESSIVE;
				GCC_WARN_UNUSED_FUNCTION = YES;
				GCC_WARN_UNUSED_VARIABLE = YES;
				IPHONEOS_DEPLOYMENT_TARGET = 16.2;
				MTL_ENABLE_DEBUG_INFO = NO;
				MTL_FAST_MATH = YES;
				SDKROOT = iphoneos;
				SWIFT_COMPILATION_MODE = wholemodule;
				SWIFT_OPTIMIZATION_LEVEL = "-O";
				VALIDATE_PRODUCT = YES;
			};
			name = Release;
		};
		BF9E50C02950EE66000887A8 /* Debug */ = {
			isa = XCBuildConfiguration;
			buildSettings = {
				ASSETCATALOG_COMPILER_APPICON_NAME = AppIcon;
				ASSETCATALOG_COMPILER_GLOBAL_ACCENT_COLOR_NAME = AccentColor;
				CODE_SIGN_STYLE = Automatic;
				CURRENT_PROJECT_VERSION = 1;
				DEVELOPMENT_ASSET_PATHS = "\"QuizGame/Preview Content\"";
				ENABLE_PREVIEWS = YES;
				GENERATE_INFOPLIST_FILE = YES;
				INFOPLIST_KEY_UIApplicationSceneManifest_Generation = YES;
				INFOPLIST_KEY_UIApplicationSupportsIndirectInputEvents = YES;
				INFOPLIST_KEY_UILaunchScreen_Generation = YES;
				INFOPLIST_KEY_UISupportedInterfaceOrientations_iPad = "UIInterfaceOrientationPortrait UIInterfaceOrientationPortraitUpsideDown UIInterfaceOrientationLandscapeLeft UIInterfaceOrientationLandscapeRight";
				INFOPLIST_KEY_UISupportedInterfaceOrientations_iPhone = "UIInterfaceOrientationPortrait UIInterfaceOrientationLandscapeLeft UIInterfaceOrientationLandscapeRight";
				LD_RUNPATH_SEARCH_PATHS = (
					"$(inherited)",
					"@executable_path/Frameworks",
				);
				MARKETING_VERSION = 1.0;
				PRODUCT_BUNDLE_IDENTIFIER = com.example.QuizGame;
				PRODUCT_NAME = "$(TARGET_NAME)";
				SWIFT_EMIT_LOC_STRINGS = YES;
				SWIFT_VERSION = 5.0;
				TARGETED_DEVICE_FAMILY = "1,2";
			};
			name = Debug;
		};
		BF9E50C12950EE66000887A8 /* Release */ = {
			isa = XCBuildConfiguration;
			buildSettings = {
				ASSETCATALOG_COMPILER_APPICON_NAME = AppIcon;
				ASSETCATALOG_COMPILER_GLOBAL_ACCENT_COLOR_NAME = AccentColor;
				CODE_SIGN_STYLE = Automatic;
				CURRENT_PROJECT_VERSION = 1;
				DEVELOPMENT_ASSET_PATHS = "\"QuizGame/Preview Content\"";
				ENABLE_PREVIEWS = YES;
				GENERATE_INFOPLIST_FILE = YES;
				INFOPLIST_KEY_UIApplicationSceneManifest_Generation = YES;
				INFOPLIST_KEY_UIApplicationSupportsIndirectInputEvents = YES;
				INFOPLIST_KEY_UILaunchScreen_Generation = YES;
				INFOPLIST_KEY_UISupportedInterfaceOrientations_iPad = "UIInterfaceOrientationPortrait UIInterfaceOrientationPortraitUpsideDown UIInterfaceOrientationLandscapeLeft UIInterfaceOrientationLandscapeRight";
				INFOPLIST_KEY_UISupportedInterfaceOrientations_iPhone = "UIInterfaceOrientationPortrait UIInterfaceOrientationLandscapeLeft UIInterfaceOrientationLandscapeRight";
				LD_RUNPATH_SEARCH_PATHS = (
					"$(inherited)",
					"@executable_path/Frameworks",
				);
				MARKETING_VERSION = 1.0;
				PRODUCT_BUNDLE_IDENTIFIER = com.example.QuizGame;
				PRODUCT_NAME = "$(TARGET_NAME)";
				SWIFT_EMIT_LOC_STRINGS = YES;
				SWIFT_VERSION = 5.0;
				TARGETED_DEVICE_FAMILY = "1,2";
			};
			name = Release;
		};
		BF9E50C32950EE66000887A8 /* Debug */ = {
			isa = XCBuildConfiguration;
			buildSettings = {
				ALWAYS_EMBED_SWIFT_STANDARD_LIBRARIES = YES;
				BUNDLE_LOADER = "$(TEST_HOST)";
				CODE_SIGN_STYLE = Automatic;
				CURRENT_PROJECT_VERSION = 1;
				GENERATE_INFOPLIST_FILE = YES;
				IPHONEOS_DEPLOYMENT_TARGET = 16.2;
				MARKETING_VERSION = 1.0;
				PRODUCT_BUNDLE_IDENTIFIER = com.example.QuizGameTests;
				PRODUCT_NAME = "$(TARGET_NAME)";
				SWIFT_EMIT_LOC_STRINGS = NO;
				SWIFT_VERSION = 5.0;
				TARGETED_DEVICE_FAMILY = "1,2";
				TEST_HOST = "$(BUILT_PRODUCTS_DIR)/QuizGame.app/$(BUNDLE_EXECUTABLE_FOLDER_PATH)/QuizGame";
			};
			name = Debug;
		};
		BF9E50C42950EE66000887A8 /* Release */ = {
			isa = XCBuildConfiguration;
			buildSettings = {
				ALWAYS_EMBED_SWIFT_STANDARD_LIBRARIES = YES;
				BUNDLE_LOADER = "$(TEST_HOST)";
				CODE_SIGN_STYLE = Automatic;
				CURRENT_PROJECT_VERSION = 1;
				GENERATE_INFOPLIST_FILE = YES;
				IPHONEOS_DEPLOYMENT_TARGET = 16.2;
				MARKETING_VERSION = 1.0;
				PRODUCT_BUNDLE_IDENTIFIER = com.example.QuizGameTests;
				PRODUCT_NAME = "$(TARGET_NAME)";
				SWIFT_EMIT_LOC_STRINGS = NO;
				SWIFT_VERSION = 5.0;
				TARGETED_DEVICE_FAMILY = "1,2";
				TEST_HOST = "$(BUILT_PRODUCTS_DIR)/QuizGame.app/$(BUNDLE_EXECUTABLE_FOLDER_PATH)/QuizGame";
			};
			name = Release;
		};
		BF9E50C62950EE66000887A8 /* Debug */ = {
			isa = XCBuildConfiguration;
			buildSettings = {
				ALWAYS_EMBED_SWIFT_STANDARD_LIBRARIES = YES;
				CODE_SIGN_STYLE = Automatic;
				CURRENT_PROJECT_VERSION = 1;
				GENERATE_INFOPLIST_FILE = YES;
				MARKETING_VERSION = 1.0;
				PRODUCT_BUNDLE_IDENTIFIER = com.example.QuizGameUITests;
				PRODUCT_NAME = "$(TARGET_NAME)";
				SWIFT_EMIT_LOC_STRINGS = NO;
				SWIFT_VERSION = 5.0;
				TARGETED_DEVICE_FAMILY = "1,2";
				TEST_TARGET_NAME = QuizGame;
			};
			name = Debug;
		};
		BF9E50C72950EE66000887A8 /* Release */ = {
			isa = XCBuildConfiguration;
			buildSettings = {
				ALWAYS_EMBED_SWIFT_STANDARD_LIBRARIES = YES;
				CODE_SIGN_STYLE = Automatic;
				CURRENT_PROJECT_VERSION = 1;
				GENERATE_INFOPLIST_FILE = YES;
				MARKETING_VERSION = 1.0;
				PRODUCT_BUNDLE_IDENTIFIER = com.example.QuizGameUITests;
				PRODUCT_NAME = "$(TARGET_NAME)";
				SWIFT_EMIT_LOC_STRINGS = NO;
				SWIFT_VERSION = 5.0;
				TARGETED_DEVICE_FAMILY = "1,2";
				TEST_TARGET_NAME = QuizGame;
			};
			name = Release;
		};
/* End XCBuildConfiguration section */

/* Begin XCConfigurationList section */
		BF9E50962950EE62000887A8 /* Build configuration list for PBXProject "QuizGame" */ = {
			isa = XCConfigurationList;
			buildConfigurations = (
				BF9E50BD2950EE66000887A8 /* Debug */,
				BF9E50BE2950EE66000887A8 /* Release */,
			);
			defaultConfigurationIsVisible = 0;
			defaultConfigurationName = Release;
		};
		BF9E50BF2950EE66000887A8 /* Build configuration list for PBXNativeTarget "QuizGame" */ = {
			isa = XCConfigurationList;
			buildConfigurations = (
				BF9E50C02950EE66000887A8 /* Debug */,
				BF9E50C12950EE66000887A8 /* Release */,
			);
			defaultConfigurationIsVisible = 0;
			defaultConfigurationName = Release;
		};
		BF9E50C22950EE66000887A8 /* Build configuration list for PBXNativeTarget "QuizGameTests" */ = {
			isa = XCConfigurationList;
			buildConfigurations = (
				BF9E50C32950EE66000887A8 /* Debug */,
				BF9E50C42950EE66000887A8 /* Release */,
			);
			defaultConfigurationIsVisible = 0;
			defaultConfigurationName = Release;
		};
		BF9E50C52950EE66000887A8 /* Build configuration list for PBXNativeTarget "QuizGameUITests" */ = {
			isa = XCConfigurationList;
			buildConfigurations = (
				BF9E50C62950EE66000887A8 /* Debug */,
				BF9E50C72950EE66000887A8 /* Release */,
			);
			defaultConfigurationIsVisible = 0;
			defaultConfigurationName = Release;
		};
/* End XCConfigurationList section */

/* Begin XCRemoteSwiftPackageReference section */
		BFAD5B77295DECA8008F03E9 /* XCRemoteSwiftPackageReference "firebase-ios-sdk" */ = {
			isa = XCRemoteSwiftPackageReference;
			repositoryURL = "https://github.com/firebase/firebase-ios-sdk";
			requirement = {
				kind = upToNextMajorVersion;
				minimumVersion = 9.0.0;
			};
		};
/* End XCRemoteSwiftPackageReference section */

/* Begin XCSwiftPackageProductDependency section */
		BFAD5B78295DECA8008F03E9 /* FirebaseAppCheck */ = {
			isa = XCSwiftPackageProductDependency;
			package = BFAD5B77295DECA8008F03E9 /* XCRemoteSwiftPackageReference "firebase-ios-sdk" */;
			productName = FirebaseAppCheck;
		};
		BFAD5B7A295DECA8008F03E9 /* FirebaseAuth */ = {
			isa = XCSwiftPackageProductDependency;
			package = BFAD5B77295DECA8008F03E9 /* XCRemoteSwiftPackageReference "firebase-ios-sdk" */;
			productName = FirebaseAuth;
		};
		BFAD5B7C295DECA8008F03E9 /* FirebaseDatabase */ = {
			isa = XCSwiftPackageProductDependency;
			package = BFAD5B77295DECA8008F03E9 /* XCRemoteSwiftPackageReference "firebase-ios-sdk" */;
			productName = FirebaseDatabase;
		};
		BFAD5B7E295DECA8008F03E9 /* FirebaseDatabaseSwift */ = {
			isa = XCSwiftPackageProductDependency;
			package = BFAD5B77295DECA8008F03E9 /* XCRemoteSwiftPackageReference "firebase-ios-sdk" */;
			productName = FirebaseDatabaseSwift;
		};
		BFAD5B80295DECA8008F03E9 /* FirebaseFirestore */ = {
			isa = XCSwiftPackageProductDependency;
			package = BFAD5B77295DECA8008F03E9 /* XCRemoteSwiftPackageReference "firebase-ios-sdk" */;
			productName = FirebaseFirestore;
		};
		BFAD5B82295DECA8008F03E9 /* FirebaseFirestoreCombine-Community */ = {
			isa = XCSwiftPackageProductDependency;
			package = BFAD5B77295DECA8008F03E9 /* XCRemoteSwiftPackageReference "firebase-ios-sdk" */;
			productName = "FirebaseFirestoreCombine-Community";
		};
		BFAD5B84295DECA8008F03E9 /* FirebaseFirestoreSwift */ = {
			isa = XCSwiftPackageProductDependency;
			package = BFAD5B77295DECA8008F03E9 /* XCRemoteSwiftPackageReference "firebase-ios-sdk" */;
			productName = FirebaseFirestoreSwift;
		};
		BFAD5B86295DECA8008F03E9 /* FirebaseFunctions */ = {
			isa = XCSwiftPackageProductDependency;
			package = BFAD5B77295DECA8008F03E9 /* XCRemoteSwiftPackageReference "firebase-ios-sdk" */;
			productName = FirebaseFunctions;
		};
		BFAD5B88295DECA8008F03E9 /* FirebaseInstallations */ = {
			isa = XCSwiftPackageProductDependency;
			package = BFAD5B77295DECA8008F03E9 /* XCRemoteSwiftPackageReference "firebase-ios-sdk" */;
			productName = FirebaseInstallations;
		};
		BFAD5B8A295DECA8008F03E9 /* FirebaseMessaging */ = {
			isa = XCSwiftPackageProductDependency;
			package = BFAD5B77295DECA8008F03E9 /* XCRemoteSwiftPackageReference "firebase-ios-sdk" */;
			productName = FirebaseMessaging;
		};
		BFAD5B8C295DECA8008F03E9 /* FirebasePerformance */ = {
			isa = XCSwiftPackageProductDependency;
			package = BFAD5B77295DECA8008F03E9 /* XCRemoteSwiftPackageReference "firebase-ios-sdk" */;
			productName = FirebasePerformance;
		};
		BFAD5B8E295DECA8008F03E9 /* FirebaseRemoteConfig */ = {
			isa = XCSwiftPackageProductDependency;
			package = BFAD5B77295DECA8008F03E9 /* XCRemoteSwiftPackageReference "firebase-ios-sdk" */;
			productName = FirebaseRemoteConfig;
		};
		BFAD5B90295DECA8008F03E9 /* FirebaseRemoteConfigSwift */ = {
			isa = XCSwiftPackageProductDependency;
			package = BFAD5B77295DECA8008F03E9 /* XCRemoteSwiftPackageReference "firebase-ios-sdk" */;
			productName = FirebaseRemoteConfigSwift;
		};
		BFAD5B92295DECA8008F03E9 /* FirebaseStorage */ = {
			isa = XCSwiftPackageProductDependency;
			package = BFAD5B77295DECA8008F03E9 /* XCRemoteSwiftPackageReference "firebase-ios-sdk" */;
			productName = FirebaseStorage;
		};
		BFAD5B94295DECA8008F03E9 /* FirebaseStorageCombine-Community */ = {
			isa = XCSwiftPackageProductDependency;
			package = BFAD5B77295DECA8008F03E9 /* XCRemoteSwiftPackageReference "firebase-ios-sdk" */;
			productName = "FirebaseStorageCombine-Community";
		};
/* End XCSwiftPackageProductDependency section */
	};
	rootObject = BF9E50932950EE62000887A8 /* Project object */;
}
